// !$*UTF8*$!
{
	archiveVersion = 1;
	classes = {
	};
	objectVersion = 50;
	objects = {

/* Begin PBXBuildFile section */
		8B52F293228EAF6200EE394F /* AppDelegate.swift in Sources */ = {isa = PBXBuildFile; fileRef = 8B52F292228EAF6200EE394F /* AppDelegate.swift */; };
		8B52F295228EAF6200EE394F /* ViewController.swift in Sources */ = {isa = PBXBuildFile; fileRef = 8B52F294228EAF6200EE394F /* ViewController.swift */; };
		8B52F298228EAF6200EE394F /* Main.storyboard in Resources */ = {isa = PBXBuildFile; fileRef = 8B52F296228EAF6200EE394F /* Main.storyboard */; };
		8B52F29A228EAF6300EE394F /* Assets.xcassets in Resources */ = {isa = PBXBuildFile; fileRef = 8B52F299228EAF6300EE394F /* Assets.xcassets */; };
		8B52F29D228EAF6300EE394F /* LaunchScreen.storyboard in Resources */ = {isa = PBXBuildFile; fileRef = 8B52F29B228EAF6300EE394F /* LaunchScreen.storyboard */; };
		8B52F2C2228EB02400EE394F /* AppDelegate.m in Sources */ = {isa = PBXBuildFile; fileRef = 8B52F2C1228EB02400EE394F /* AppDelegate.m */; };
		8B52F2C5228EB02400EE394F /* ViewController.m in Sources */ = {isa = PBXBuildFile; fileRef = 8B52F2C4228EB02400EE394F /* ViewController.m */; };
		8B52F2C8228EB02400EE394F /* Main.storyboard in Resources */ = {isa = PBXBuildFile; fileRef = 8B52F2C6228EB02400EE394F /* Main.storyboard */; };
		8B52F2CA228EB02500EE394F /* Assets.xcassets in Resources */ = {isa = PBXBuildFile; fileRef = 8B52F2C9228EB02500EE394F /* Assets.xcassets */; };
		8B52F2CD228EB02500EE394F /* LaunchScreen.storyboard in Resources */ = {isa = PBXBuildFile; fileRef = 8B52F2CB228EB02500EE394F /* LaunchScreen.storyboard */; };
		8B52F2D0228EB02500EE394F /* main.m in Sources */ = {isa = PBXBuildFile; fileRef = 8B52F2CF228EB02500EE394F /* main.m */; };
		8B52F2D5228EB38800EE394F /* RakutenRewardSDK.framework in Frameworks */ = {isa = PBXBuildFile; fileRef = 8B52F2D4228EB38700EE394F /* RakutenRewardSDK.framework */; };
		8B52F2D6228EB38800EE394F /* RakutenRewardSDK.framework in Embed Frameworks */ = {isa = PBXBuildFile; fileRef = 8B52F2D4228EB38700EE394F /* RakutenRewardSDK.framework */; settings = {ATTRIBUTES = (CodeSignOnCopy, RemoveHeadersOnCopy, ); }; };
/* End PBXBuildFile section */

/* Begin PBXCopyFilesBuildPhase section */
		8B52F2D7228EB38800EE394F /* Embed Frameworks */ = {
			isa = PBXCopyFilesBuildPhase;
			buildActionMask = 2147483647;
			dstPath = "";
			dstSubfolderSpec = 10;
			files = (
				8B52F2D6228EB38800EE394F /* RakutenRewardSDK.framework in Embed Frameworks */,
			);
			name = "Embed Frameworks";
			runOnlyForDeploymentPostprocessing = 0;
		};
/* End PBXCopyFilesBuildPhase section */

/* Begin PBXFileReference section */
		8B52F28F228EAF6200EE394F /* mini-sample-v6-May-17.app */ = {isa = PBXFileReference; explicitFileType = wrapper.application; includeInIndex = 0; path = "mini-sample-v6-May-17.app"; sourceTree = BUILT_PRODUCTS_DIR; };
		8B52F292228EAF6200EE394F /* AppDelegate.swift */ = {isa = PBXFileReference; lastKnownFileType = sourcecode.swift; path = AppDelegate.swift; sourceTree = "<group>"; };
		8B52F294228EAF6200EE394F /* ViewController.swift */ = {isa = PBXFileReference; lastKnownFileType = sourcecode.swift; path = ViewController.swift; sourceTree = "<group>"; };
		8B52F297228EAF6200EE394F /* Base */ = {isa = PBXFileReference; lastKnownFileType = file.storyboard; name = Base; path = Base.lproj/Main.storyboard; sourceTree = "<group>"; };
		8B52F299228EAF6300EE394F /* Assets.xcassets */ = {isa = PBXFileReference; lastKnownFileType = folder.assetcatalog; path = Assets.xcassets; sourceTree = "<group>"; };
		8B52F29C228EAF6300EE394F /* Base */ = {isa = PBXFileReference; lastKnownFileType = file.storyboard; name = Base; path = Base.lproj/LaunchScreen.storyboard; sourceTree = "<group>"; };
		8B52F29E228EAF6300EE394F /* Info.plist */ = {isa = PBXFileReference; lastKnownFileType = text.plist.xml; path = Info.plist; sourceTree = "<group>"; };
		8B52F2BE228EB02400EE394F /* objective-c-and-cpp.app */ = {isa = PBXFileReference; explicitFileType = wrapper.application; includeInIndex = 0; path = "objective-c-and-cpp.app"; sourceTree = BUILT_PRODUCTS_DIR; };
		8B52F2C0228EB02400EE394F /* AppDelegate.h */ = {isa = PBXFileReference; lastKnownFileType = sourcecode.c.h; path = AppDelegate.h; sourceTree = "<group>"; };
		8B52F2C1228EB02400EE394F /* AppDelegate.m */ = {isa = PBXFileReference; lastKnownFileType = sourcecode.c.objc; path = AppDelegate.m; sourceTree = "<group>"; };
		8B52F2C3228EB02400EE394F /* ViewController.h */ = {isa = PBXFileReference; lastKnownFileType = sourcecode.c.h; path = ViewController.h; sourceTree = "<group>"; };
		8B52F2C4228EB02400EE394F /* ViewController.m */ = {isa = PBXFileReference; lastKnownFileType = sourcecode.c.objc; path = ViewController.m; sourceTree = "<group>"; };
		8B52F2C7228EB02400EE394F /* Base */ = {isa = PBXFileReference; lastKnownFileType = file.storyboard; name = Base; path = Base.lproj/Main.storyboard; sourceTree = "<group>"; };
		8B52F2C9228EB02500EE394F /* Assets.xcassets */ = {isa = PBXFileReference; lastKnownFileType = folder.assetcatalog; path = Assets.xcassets; sourceTree = "<group>"; };
		8B52F2CC228EB02500EE394F /* Base */ = {isa = PBXFileReference; lastKnownFileType = file.storyboard; name = Base; path = Base.lproj/LaunchScreen.storyboard; sourceTree = "<group>"; };
		8B52F2CE228EB02500EE394F /* Info.plist */ = {isa = PBXFileReference; lastKnownFileType = text.plist.xml; path = Info.plist; sourceTree = "<group>"; };
		8B52F2CF228EB02500EE394F /* main.m */ = {isa = PBXFileReference; lastKnownFileType = sourcecode.c.objc; path = main.m; sourceTree = "<group>"; };
		8B52F2D4228EB38700EE394F /* RakutenRewardSDK.framework */ = {isa = PBXFileReference; lastKnownFileType = wrapper.framework; path = RakutenRewardSDK.framework; sourceTree = "<group>"; };
/* End PBXFileReference section */

/* Begin PBXFrameworksBuildPhase section */
		8B52F28C228EAF6200EE394F /* Frameworks */ = {
			isa = PBXFrameworksBuildPhase;
			buildActionMask = 2147483647;
			files = (
			);
			runOnlyForDeploymentPostprocessing = 0;
		};
		8B52F2BB228EB02400EE394F /* Frameworks */ = {
			isa = PBXFrameworksBuildPhase;
			buildActionMask = 2147483647;
			files = (
				8B52F2D5228EB38800EE394F /* RakutenRewardSDK.framework in Frameworks */,
			);
			runOnlyForDeploymentPostprocessing = 0;
		};
/* End PBXFrameworksBuildPhase section */

/* Begin PBXGroup section */
		8B52F286228EAF6200EE394F = {
			isa = PBXGroup;
			children = (
				8B52F2D4228EB38700EE394F /* RakutenRewardSDK.framework */,
				8B52F291228EAF6200EE394F /* mini-sample-v6-May-17 */,
				8B52F2BF228EB02400EE394F /* objective-c-and-cpp */,
				8B52F290228EAF6200EE394F /* Products */,
			);
			sourceTree = "<group>";
		};
		8B52F290228EAF6200EE394F /* Products */ = {
			isa = PBXGroup;
			children = (
				8B52F28F228EAF6200EE394F /* mini-sample-v6-May-17.app */,
				8B52F2BE228EB02400EE394F /* objective-c-and-cpp.app */,
			);
			name = Products;
			sourceTree = "<group>";
		};
		8B52F291228EAF6200EE394F /* mini-sample-v6-May-17 */ = {
			isa = PBXGroup;
			children = (
				8B52F292228EAF6200EE394F /* AppDelegate.swift */,
				8B52F294228EAF6200EE394F /* ViewController.swift */,
				8B52F296228EAF6200EE394F /* Main.storyboard */,
				8B52F299228EAF6300EE394F /* Assets.xcassets */,
				8B52F29B228EAF6300EE394F /* LaunchScreen.storyboard */,
				8B52F29E228EAF6300EE394F /* Info.plist */,
			);
			path = "mini-sample-v6-May-17";
			sourceTree = "<group>";
		};
		8B52F2BF228EB02400EE394F /* objective-c-and-cpp */ = {
			isa = PBXGroup;
			children = (
				8B52F2C0228EB02400EE394F /* AppDelegate.h */,
				8B52F2C1228EB02400EE394F /* AppDelegate.m */,
				8B52F2C3228EB02400EE394F /* ViewController.h */,
				8B52F2C4228EB02400EE394F /* ViewController.m */,
				8B52F2C6228EB02400EE394F /* Main.storyboard */,
				8B52F2C9228EB02500EE394F /* Assets.xcassets */,
				8B52F2CB228EB02500EE394F /* LaunchScreen.storyboard */,
				8B52F2CE228EB02500EE394F /* Info.plist */,
				8B52F2CF228EB02500EE394F /* main.m */,
			);
			path = "objective-c-and-cpp";
			sourceTree = "<group>";
		};
/* End PBXGroup section */

/* Begin PBXNativeTarget section */
		8B52F28E228EAF6200EE394F /* mini-sample-v6-May-17 */ = {
			isa = PBXNativeTarget;
			buildConfigurationList = 8B52F2A1228EAF6300EE394F /* Build configuration list for PBXNativeTarget "mini-sample-v6-May-17" */;
			buildPhases = (
				8B52F28B228EAF6200EE394F /* Sources */,
				8B52F28C228EAF6200EE394F /* Frameworks */,
				8B52F28D228EAF6200EE394F /* Resources */,
			);
			buildRules = (
			);
			dependencies = (
			);
			name = "mini-sample-v6-May-17";
			productName = "mini-sample-v6-May-17";
			productReference = 8B52F28F228EAF6200EE394F /* mini-sample-v6-May-17.app */;
			productType = "com.apple.product-type.application";
		};
		8B52F2BD228EB02400EE394F /* objective-c-and-cpp */ = {
			isa = PBXNativeTarget;
			buildConfigurationList = 8B52F2D1228EB02500EE394F /* Build configuration list for PBXNativeTarget "objective-c-and-cpp" */;
			buildPhases = (
				8B52F2BA228EB02400EE394F /* Sources */,
				8B52F2BB228EB02400EE394F /* Frameworks */,
				8B52F2BC228EB02400EE394F /* Resources */,
				8B52F2D7228EB38800EE394F /* Embed Frameworks */,
			);
			buildRules = (
			);
			dependencies = (
			);
			name = "objective-c-and-cpp";
			productName = "objective-c-and-cpp";
			productReference = 8B52F2BE228EB02400EE394F /* objective-c-and-cpp.app */;
			productType = "com.apple.product-type.application";
		};
/* End PBXNativeTarget section */

/* Begin PBXProject section */
		8B52F287228EAF6200EE394F /* Project object */ = {
			isa = PBXProject;
			attributes = {
				LastSwiftUpdateCheck = 1020;
				LastUpgradeCheck = 1020;
				ORGANIZATIONNAME = "Rakuten Asia Ltd.";
				TargetAttributes = {
					8B52F28E228EAF6200EE394F = {
						CreatedOnToolsVersion = 10.2.1;
					};
					8B52F2BD228EB02400EE394F = {
						CreatedOnToolsVersion = 10.2.1;
					};
				};
			};
			buildConfigurationList = 8B52F28A228EAF6200EE394F /* Build configuration list for PBXProject "mini-sample-v6-May-17" */;
			compatibilityVersion = "Xcode 9.3";
			developmentRegion = en;
			hasScannedForEncodings = 0;
			knownRegions = (
				en,
				Base,
			);
			mainGroup = 8B52F286228EAF6200EE394F;
			productRefGroup = 8B52F290228EAF6200EE394F /* Products */;
			projectDirPath = "";
			projectRoot = "";
			targets = (
				8B52F28E228EAF6200EE394F /* mini-sample-v6-May-17 */,
				8B52F2BD228EB02400EE394F /* objective-c-and-cpp */,
			);
		};
/* End PBXProject section */

/* Begin PBXResourcesBuildPhase section */
		8B52F28D228EAF6200EE394F /* Resources */ = {
			isa = PBXResourcesBuildPhase;
			buildActionMask = 2147483647;
			files = (
				8B52F29D228EAF6300EE394F /* LaunchScreen.storyboard in Resources */,
				8B52F29A228EAF6300EE394F /* Assets.xcassets in Resources */,
				8B52F298228EAF6200EE394F /* Main.storyboard in Resources */,
			);
			runOnlyForDeploymentPostprocessing = 0;
		};
		8B52F2BC228EB02400EE394F /* Resources */ = {
			isa = PBXResourcesBuildPhase;
			buildActionMask = 2147483647;
			files = (
				8B52F2CD228EB02500EE394F /* LaunchScreen.storyboard in Resources */,
				8B52F2CA228EB02500EE394F /* Assets.xcassets in Resources */,
				8B52F2C8228EB02400EE394F /* Main.storyboard in Resources */,
			);
			runOnlyForDeploymentPostprocessing = 0;
		};
/* End PBXResourcesBuildPhase section */

/* Begin PBXSourcesBuildPhase section */
		8B52F28B228EAF6200EE394F /* Sources */ = {
			isa = PBXSourcesBuildPhase;
			buildActionMask = 2147483647;
			files = (
				8B52F295228EAF6200EE394F /* ViewController.swift in Sources */,
				8B52F293228EAF6200EE394F /* AppDelegate.swift in Sources */,
			);
			runOnlyForDeploymentPostprocessing = 0;
		};
		8B52F2BA228EB02400EE394F /* Sources */ = {
			isa = PBXSourcesBuildPhase;
			buildActionMask = 2147483647;
			files = (
				8B52F2C5228EB02400EE394F /* ViewController.m in Sources */,
				8B52F2D0228EB02500EE394F /* main.m in Sources */,
				8B52F2C2228EB02400EE394F /* AppDelegate.m in Sources */,
			);
			runOnlyForDeploymentPostprocessing = 0;
		};
/* End PBXSourcesBuildPhase section */

/* Begin PBXVariantGroup section */
		8B52F296228EAF6200EE394F /* Main.storyboard */ = {
			isa = PBXVariantGroup;
			children = (
				8B52F297228EAF6200EE394F /* Base */,
			);
			name = Main.storyboard;
			sourceTree = "<group>";
		};
		8B52F29B228EAF6300EE394F /* LaunchScreen.storyboard */ = {
			isa = PBXVariantGroup;
			children = (
				8B52F29C228EAF6300EE394F /* Base */,
			);
			name = LaunchScreen.storyboard;
			sourceTree = "<group>";
		};
		8B52F2C6228EB02400EE394F /* Main.storyboard */ = {
			isa = PBXVariantGroup;
			children = (
				8B52F2C7228EB02400EE394F /* Base */,
			);
			name = Main.storyboard;
			sourceTree = "<group>";
		};
		8B52F2CB228EB02500EE394F /* LaunchScreen.storyboard */ = {
			isa = PBXVariantGroup;
			children = (
				8B52F2CC228EB02500EE394F /* Base */,
			);
			name = LaunchScreen.storyboard;
			sourceTree = "<group>";
		};
/* End PBXVariantGroup section */

/* Begin XCBuildConfiguration section */
		8B52F29F228EAF6300EE394F /* Debug */ = {
			isa = XCBuildConfiguration;
			buildSettings = {
				ALWAYS_SEARCH_USER_PATHS = NO;
				CLANG_ANALYZER_NONNULL = YES;
				CLANG_ANALYZER_NUMBER_OBJECT_CONVERSION = YES_AGGRESSIVE;
				CLANG_CXX_LANGUAGE_STANDARD = "gnu++14";
				CLANG_CXX_LIBRARY = "libc++";
				CLANG_ENABLE_MODULES = YES;
				CLANG_ENABLE_OBJC_ARC = YES;
				CLANG_ENABLE_OBJC_WEAK = YES;
				CLANG_WARN_BLOCK_CAPTURE_AUTORELEASING = YES;
				CLANG_WARN_BOOL_CONVERSION = YES;
				CLANG_WARN_COMMA = YES;
				CLANG_WARN_CONSTANT_CONVERSION = YES;
				CLANG_WARN_DEPRECATED_OBJC_IMPLEMENTATIONS = YES;
				CLANG_WARN_DIRECT_OBJC_ISA_USAGE = YES_ERROR;
				CLANG_WARN_DOCUMENTATION_COMMENTS = YES;
				CLANG_WARN_EMPTY_BODY = YES;
				CLANG_WARN_ENUM_CONVERSION = YES;
				CLANG_WARN_INFINITE_RECURSION = YES;
				CLANG_WARN_INT_CONVERSION = YES;
				CLANG_WARN_NON_LITERAL_NULL_CONVERSION = YES;
				CLANG_WARN_OBJC_IMPLICIT_RETAIN_SELF = YES;
				CLANG_WARN_OBJC_LITERAL_CONVERSION = YES;
				CLANG_WARN_OBJC_ROOT_CLASS = YES_ERROR;
				CLANG_WARN_RANGE_LOOP_ANALYSIS = YES;
				CLANG_WARN_STRICT_PROTOTYPES = YES;
				CLANG_WARN_SUSPICIOUS_MOVE = YES;
				CLANG_WARN_UNGUARDED_AVAILABILITY = YES_AGGRESSIVE;
				CLANG_WARN_UNREACHABLE_CODE = YES;
				CLANG_WARN__DUPLICATE_METHOD_MATCH = YES;
				CODE_SIGN_IDENTITY = "iPhone Developer";
				COPY_PHASE_STRIP = NO;
				DEBUG_INFORMATION_FORMAT = dwarf;
				ENABLE_STRICT_OBJC_MSGSEND = YES;
				ENABLE_TESTABILITY = YES;
				GCC_C_LANGUAGE_STANDARD = gnu11;
				GCC_DYNAMIC_NO_PIC = NO;
				GCC_NO_COMMON_BLOCKS = YES;
				GCC_OPTIMIZATION_LEVEL = 0;
				GCC_PREPROCESSOR_DEFINITIONS = (
					"DEBUG=1",
					"$(inherited)",
				);
				GCC_WARN_64_TO_32_BIT_CONVERSION = YES;
				GCC_WARN_ABOUT_RETURN_TYPE = YES_ERROR;
				GCC_WARN_UNDECLARED_SELECTOR = YES;
				GCC_WARN_UNINITIALIZED_AUTOS = YES_AGGRESSIVE;
				GCC_WARN_UNUSED_FUNCTION = YES;
				GCC_WARN_UNUSED_VARIABLE = YES;
				IPHONEOS_DEPLOYMENT_TARGET = 12.2;
				MTL_ENABLE_DEBUG_INFO = INCLUDE_SOURCE;
				MTL_FAST_MATH = YES;
				ONLY_ACTIVE_ARCH = YES;
				SDKROOT = iphoneos;
				SWIFT_ACTIVE_COMPILATION_CONDITIONS = DEBUG;
				SWIFT_OPTIMIZATION_LEVEL = "-Onone";
			};
			name = Debug;
		};
		8B52F2A0228EAF6300EE394F /* Release */ = {
			isa = XCBuildConfiguration;
			buildSettings = {
				ALWAYS_SEARCH_USER_PATHS = NO;
				CLANG_ANALYZER_NONNULL = YES;
				CLANG_ANALYZER_NUMBER_OBJECT_CONVERSION = YES_AGGRESSIVE;
				CLANG_CXX_LANGUAGE_STANDARD = "gnu++14";
				CLANG_CXX_LIBRARY = "libc++";
				CLANG_ENABLE_MODULES = YES;
				CLANG_ENABLE_OBJC_ARC = YES;
				CLANG_ENABLE_OBJC_WEAK = YES;
				CLANG_WARN_BLOCK_CAPTURE_AUTORELEASING = YES;
				CLANG_WARN_BOOL_CONVERSION = YES;
				CLANG_WARN_COMMA = YES;
				CLANG_WARN_CONSTANT_CONVERSION = YES;
				CLANG_WARN_DEPRECATED_OBJC_IMPLEMENTATIONS = YES;
				CLANG_WARN_DIRECT_OBJC_ISA_USAGE = YES_ERROR;
				CLANG_WARN_DOCUMENTATION_COMMENTS = YES;
				CLANG_WARN_EMPTY_BODY = YES;
				CLANG_WARN_ENUM_CONVERSION = YES;
				CLANG_WARN_INFINITE_RECURSION = YES;
				CLANG_WARN_INT_CONVERSION = YES;
				CLANG_WARN_NON_LITERAL_NULL_CONVERSION = YES;
				CLANG_WARN_OBJC_IMPLICIT_RETAIN_SELF = YES;
				CLANG_WARN_OBJC_LITERAL_CONVERSION = YES;
				CLANG_WARN_OBJC_ROOT_CLASS = YES_ERROR;
				CLANG_WARN_RANGE_LOOP_ANALYSIS = YES;
				CLANG_WARN_STRICT_PROTOTYPES = YES;
				CLANG_WARN_SUSPICIOUS_MOVE = YES;
				CLANG_WARN_UNGUARDED_AVAILABILITY = YES_AGGRESSIVE;
				CLANG_WARN_UNREACHABLE_CODE = YES;
				CLANG_WARN__DUPLICATE_METHOD_MATCH = YES;
				CODE_SIGN_IDENTITY = "iPhone Developer";
				COPY_PHASE_STRIP = NO;
				DEBUG_INFORMATION_FORMAT = "dwarf-with-dsym";
				ENABLE_NS_ASSERTIONS = NO;
				ENABLE_STRICT_OBJC_MSGSEND = YES;
				GCC_C_LANGUAGE_STANDARD = gnu11;
				GCC_NO_COMMON_BLOCKS = YES;
				GCC_WARN_64_TO_32_BIT_CONVERSION = YES;
				GCC_WARN_ABOUT_RETURN_TYPE = YES_ERROR;
				GCC_WARN_UNDECLARED_SELECTOR = YES;
				GCC_WARN_UNINITIALIZED_AUTOS = YES_AGGRESSIVE;
				GCC_WARN_UNUSED_FUNCTION = YES;
				GCC_WARN_UNUSED_VARIABLE = YES;
				IPHONEOS_DEPLOYMENT_TARGET = 12.2;
				MTL_ENABLE_DEBUG_INFO = NO;
				MTL_FAST_MATH = YES;
				SDKROOT = iphoneos;
				SWIFT_COMPILATION_MODE = wholemodule;
				SWIFT_OPTIMIZATION_LEVEL = "-O";
				VALIDATE_PRODUCT = YES;
			};
			name = Release;
		};
		8B52F2A2228EAF6300EE394F /* Debug */ = {
			isa = XCBuildConfiguration;
			buildSettings = {
				ASSETCATALOG_COMPILER_APPICON_NAME = AppIcon;
				CODE_SIGN_STYLE = Automatic;
				INFOPLIST_FILE = "mini-sample-v6-May-17/Info.plist";
				IPHONEOS_DEPLOYMENT_TARGET = 11.0;
				LD_RUNPATH_SEARCH_PATHS = (
					"$(inherited)",
					"@executable_path/Frameworks",
				);
				PRODUCT_BUNDLE_IDENTIFIER = "jp.co.rakuten.mini-sample-v6-May-17";
				PRODUCT_NAME = "$(TARGET_NAME)";
				SWIFT_VERSION = 5.0;
				TARGETED_DEVICE_FAMILY = "1,2";
			};
			name = Debug;
		};
		8B52F2A3228EAF6300EE394F /* Release */ = {
			isa = XCBuildConfiguration;
			buildSettings = {
				ASSETCATALOG_COMPILER_APPICON_NAME = AppIcon;
				CODE_SIGN_STYLE = Automatic;
				INFOPLIST_FILE = "mini-sample-v6-May-17/Info.plist";
				IPHONEOS_DEPLOYMENT_TARGET = 11.0;
				LD_RUNPATH_SEARCH_PATHS = (
					"$(inherited)",
					"@executable_path/Frameworks",
				);
				PRODUCT_BUNDLE_IDENTIFIER = "jp.co.rakuten.mini-sample-v6-May-17";
				PRODUCT_NAME = "$(TARGET_NAME)";
				SWIFT_VERSION = 5.0;
				TARGETED_DEVICE_FAMILY = "1,2";
			};
			name = Release;
		};
		8B52F2D2228EB02500EE394F /* Debug */ = {
			isa = XCBuildConfiguration;
			buildSettings = {
				ASSETCATALOG_COMPILER_APPICON_NAME = AppIcon;
				CODE_SIGN_STYLE = Automatic;
				FRAMEWORK_SEARCH_PATHS = (
					"$(inherited)",
					"$(PROJECT_DIR)",
				);
				INFOPLIST_FILE = "objective-c-and-cpp/Info.plist";
				LD_RUNPATH_SEARCH_PATHS = (
					"$(inherited)",
					"@executable_path/Frameworks",
				);
				PRODUCT_BUNDLE_IDENTIFIER = "jp.co.rakuten.objective-c-and-cpp";
				PRODUCT_NAME = "$(TARGET_NAME)";
				TARGETED_DEVICE_FAMILY = "1,2";
			};
			name = Debug;
		};
		8B52F2D3228EB02500EE394F /* Release */ = {
			isa = XCBuildConfiguration;
			buildSettings = {
				ASSETCATALOG_COMPILER_APPICON_NAME = AppIcon;
				CODE_SIGN_STYLE = Automatic;
				FRAMEWORK_SEARCH_PATHS = (
					"$(inherited)",
					"$(PROJECT_DIR)",
				);
				INFOPLIST_FILE = "objective-c-and-cpp/Info.plist";
				LD_RUNPATH_SEARCH_PATHS = (
					"$(inherited)",
					"@executable_path/Frameworks",
				);
				PRODUCT_BUNDLE_IDENTIFIER = "jp.co.rakuten.objective-c-and-cpp";
				PRODUCT_NAME = "$(TARGET_NAME)";
				TARGETED_DEVICE_FAMILY = "1,2";
			};
			name = Release;
		};
/* End XCBuildConfiguration section */

/* Begin XCConfigurationList section */
		8B52F28A228EAF6200EE394F /* Build configuration list for PBXProject "mini-sample-v6-May-17" */ = {
			isa = XCConfigurationList;
			buildConfigurations = (
				8B52F29F228EAF6300EE394F /* Debug */,
				8B52F2A0228EAF6300EE394F /* Release */,
			);
			defaultConfigurationIsVisible = 0;
			defaultConfigurationName = Release;
		};
		8B52F2A1228EAF6300EE394F /* Build configuration list for PBXNativeTarget "mini-sample-v6-May-17" */ = {
			isa = XCConfigurationList;
			buildConfigurations = (
				8B52F2A2228EAF6300EE394F /* Debug */,
				8B52F2A3228EAF6300EE394F /* Release */,
			);
			defaultConfigurationIsVisible = 0;
			defaultConfigurationName = Release;
		};
		8B52F2D1228EB02500EE394F /* Build configuration list for PBXNativeTarget "objective-c-and-cpp" */ = {
			isa = XCConfigurationList;
			buildConfigurations = (
				8B52F2D2228EB02500EE394F /* Debug */,
				8B52F2D3228EB02500EE394F /* Release */,
			);
			defaultConfigurationIsVisible = 0;
			defaultConfigurationName = Release;
		};
/* End XCConfigurationList section */
	};
	rootObject = 8B52F287228EAF6200EE394F /* Project object */;
}
